
Microsoft Visual Studio Solution File, Format Version 12.00
# Visual Studio Version 17
VisualStudioVersion = 17.11.35327.3
MinimumVisualStudioVersion = 10.0.40219.1
Project("{9A19103F-16F7-4668-BE54-9A1E7A4F7556}") = "Web_API.Application", "Web_API\Web_API.Application.csproj", "{2A2CD490-15D7-4DC7-8A31-C216885C08D3}"
EndProject
Project("{9A19103F-16F7-4668-BE54-9A1E7A4F7556}") = "Web_API.Domains", "Web_API.Domains\Web_API.Domains.csproj", "{7C8E0FEE-2251-416B-A048-BAE938D1C932}"
EndProject
Project("{9A19103F-16F7-4668-BE54-9A1E7A4F7556}") = "Web_API.Infrastructure", "Web_API.Infrastructure\Web_API.Infrastructure.csproj", "{8CDB82E0-71CD-4B53-B691-C0302DE72B00}"
EndProject
Global
	GlobalSection(SolutionConfigurationPlatforms) = preSolution
		Debug|Any CPU = Debug|Any CPU
		Release|Any CPU = Release|Any CPU
	EndGlobalSection
	GlobalSection(ProjectConfigurationPlatforms) = postSolution
		{2A2CD490-15D7-4DC7-8A31-C216885C08D3}.Debug|Any CPU.ActiveCfg = Debug|Any CPU
		{2A2CD490-15D7-4DC7-8A31-C216885C08D3}.Debug|Any CPU.Build.0 = Debug|Any CPU
		{2A2CD490-15D7-4DC7-8A31-C216885C08D3}.Release|Any CPU.ActiveCfg = Release|Any CPU
		{2A2CD490-15D7-4DC7-8A31-C216885C08D3}.Release|Any CPU.Build.0 = Release|Any CPU
		{7C8E0FEE-2251-416B-A048-BAE938D1C932}.Debug|Any CPU.ActiveCfg = Debug|Any CPU
		{7C8E0FEE-2251-416B-A048-BAE938D1C932}.Debug|Any CPU.Build.0 = Debug|Any CPU
		{7C8E0FEE-2251-416B-A048-BAE938D1C932}.Release|Any CPU.ActiveCfg = Release|Any CPU
		{7C8E0FEE-2251-416B-A048-BAE938D1C932}.Release|Any CPU.Build.0 = Release|Any CPU
		{8CDB82E0-71CD-4B53-B691-C0302DE72B00}.Debug|Any CPU.ActiveCfg = Debug|Any CPU
		{8CDB82E0-71CD-4B53-B691-C0302DE72B00}.Debug|Any CPU.Build.0 = Debug|Any CPU
		{8CDB82E0-71CD-4B53-B691-C0302DE72B00}.Release|Any CPU.ActiveCfg = Release|Any CPU
		{8CDB82E0-71CD-4B53-B691-C0302DE72B00}.Release|Any CPU.Build.0 = Release|Any CPU
	EndGlobalSection
	GlobalSection(SolutionProperties) = preSolution
		HideSolutionNode = FALSE
	EndGlobalSection
	GlobalSection(ExtensibilityGlobals) = postSolution
		SolutionGuid = {2C157AB3-58D8-49B1-AF0C-7F450FCF6846}
	EndGlobalSection
EndGlobal
